// !$*UTF8*$!
{
	archiveVersion = 1;
	classes = {
	};
	objectVersion = 56;
	objects = {

/* Begin PBXBuildFile section */
		E3322CB72A0A48A2008DA64C /* rest_ios_projectApp.swift in Sources */ = {isa = PBXBuildFile; fileRef = E3322CB62A0A48A2008DA64C /* rest_ios_projectApp.swift */; };
		E3322CB92A0A48A2008DA64C /* ContentView.swift in Sources */ = {isa = PBXBuildFile; fileRef = E3322CB82A0A48A2008DA64C /* ContentView.swift */; };
		E3322CBB2A0A48A3008DA64C /* Assets.xcassets in Resources */ = {isa = PBXBuildFile; fileRef = E3322CBA2A0A48A3008DA64C /* Assets.xcassets */; };
		E3322CBE2A0A48A3008DA64C /* Preview Assets.xcassets in Resources */ = {isa = PBXBuildFile; fileRef = E3322CBD2A0A48A3008DA64C /* Preview Assets.xcassets */; };
		E3322CC62A0A4953008DA64C /* Alamofire in Frameworks */ = {isa = PBXBuildFile; productRef = E3322CC52A0A4953008DA64C /* Alamofire */; };
		E3322CC82A0A496F008DA64C /* Users.swift in Sources */ = {isa = PBXBuildFile; fileRef = E3322CC72A0A496F008DA64C /* Users.swift */; };
		E3322CCA2A0A49F9008DA64C /* User.swift in Sources */ = {isa = PBXBuildFile; fileRef = E3322CC92A0A49F9008DA64C /* User.swift */; };
		E3322CCC2A0A4A99008DA64C /* Models.swift in Sources */ = {isa = PBXBuildFile; fileRef = E3322CCB2A0A4A99008DA64C /* Models.swift */; };
		E38CEA942A248E1E003B6134 /* Validator.swift in Sources */ = {isa = PBXBuildFile; fileRef = E38CEA932A248E1E003B6134 /* Validator.swift */; };
		E38CEA972A24AAD2003B6134 /* MyForm.swift in Sources */ = {isa = PBXBuildFile; fileRef = E38CEA962A24AAD2003B6134 /* MyForm.swift */; };
		E38CEA992A24AB7A003B6134 /* TextFieldExtension.swift in Sources */ = {isa = PBXBuildFile; fileRef = E38CEA982A24AB7A003B6134 /* TextFieldExtension.swift */; };
		E38CEA9C2A24ABF8003B6134 /* SearchView.swift in Sources */ = {isa = PBXBuildFile; fileRef = E38CEA9B2A24ABF8003B6134 /* SearchView.swift */; };
		E38CEA9E2A24AC47003B6134 /* SearchBar.swift in Sources */ = {isa = PBXBuildFile; fileRef = E38CEA9D2A24AC47003B6134 /* SearchBar.swift */; };
		E38CEAA12A24AEFD003B6134 /* MyNavigationButton.swift in Sources */ = {isa = PBXBuildFile; fileRef = E38CEAA02A24AEFD003B6134 /* MyNavigationButton.swift */; };
		E38CEAA32A24AF46003B6134 /* MyDeleteButton.swift in Sources */ = {isa = PBXBuildFile; fileRef = E38CEAA22A24AF46003B6134 /* MyDeleteButton.swift */; };
		E38CEAA92A24B048003B6134 /* UsersList.swift in Sources */ = {isa = PBXBuildFile; fileRef = E38CEAA82A24B048003B6134 /* UsersList.swift */; };
		E38CEAAB2A24B06A003B6134 /* MainContent.swift in Sources */ = {isa = PBXBuildFile; fileRef = E38CEAAA2A24B06A003B6134 /* MainContent.swift */; };
		E38CEAAD2A24B097003B6134 /* LoadMoreButton.swift in Sources */ = {isa = PBXBuildFile; fileRef = E38CEAAC2A24B097003B6134 /* LoadMoreButton.swift */; };
		E38CEAAF2A24B231003B6134 /* MainView.swift in Sources */ = {isa = PBXBuildFile; fileRef = E38CEAAE2A24B231003B6134 /* MainView.swift */; };
		E38CEAB12A24B31E003B6134 /* MyToolBarItem.swift in Sources */ = {isa = PBXBuildFile; fileRef = E38CEAB02A24B31E003B6134 /* MyToolBarItem.swift */; };
/* End PBXBuildFile section */

/* Begin PBXFileReference section */
		E3322CB32A0A48A2008DA64C /* rest-ios-project.app */ = {isa = PBXFileReference; explicitFileType = wrapper.application; includeInIndex = 0; path = "rest-ios-project.app"; sourceTree = BUILT_PRODUCTS_DIR; };
		E3322CB62A0A48A2008DA64C /* rest_ios_projectApp.swift */ = {isa = PBXFileReference; lastKnownFileType = sourcecode.swift; path = rest_ios_projectApp.swift; sourceTree = "<group>"; };
		E3322CB82A0A48A2008DA64C /* ContentView.swift */ = {isa = PBXFileReference; lastKnownFileType = sourcecode.swift; path = ContentView.swift; sourceTree = "<group>"; };
		E3322CBA2A0A48A3008DA64C /* Assets.xcassets */ = {isa = PBXFileReference; lastKnownFileType = folder.assetcatalog; path = Assets.xcassets; sourceTree = "<group>"; };
		E3322CBD2A0A48A3008DA64C /* Preview Assets.xcassets */ = {isa = PBXFileReference; lastKnownFileType = folder.assetcatalog; path = "Preview Assets.xcassets"; sourceTree = "<group>"; };
		E3322CC72A0A496F008DA64C /* Users.swift */ = {isa = PBXFileReference; lastKnownFileType = sourcecode.swift; path = Users.swift; sourceTree = "<group>"; };
		E3322CC92A0A49F9008DA64C /* User.swift */ = {isa = PBXFileReference; lastKnownFileType = sourcecode.swift; path = User.swift; sourceTree = "<group>"; };
		E3322CCB2A0A4A99008DA64C /* Models.swift */ = {isa = PBXFileReference; lastKnownFileType = sourcecode.swift; path = Models.swift; sourceTree = "<group>"; };
		E38CEA932A248E1E003B6134 /* Validator.swift */ = {isa = PBXFileReference; lastKnownFileType = sourcecode.swift; path = Validator.swift; sourceTree = "<group>"; };
		E38CEA962A24AAD2003B6134 /* MyForm.swift */ = {isa = PBXFileReference; lastKnownFileType = sourcecode.swift; path = MyForm.swift; sourceTree = "<group>"; };
		E38CEA982A24AB7A003B6134 /* TextFieldExtension.swift */ = {isa = PBXFileReference; lastKnownFileType = sourcecode.swift; path = TextFieldExtension.swift; sourceTree = "<group>"; };
		E38CEA9B2A24ABF8003B6134 /* SearchView.swift */ = {isa = PBXFileReference; lastKnownFileType = sourcecode.swift; path = SearchView.swift; sourceTree = "<group>"; };
		E38CEA9D2A24AC47003B6134 /* SearchBar.swift */ = {isa = PBXFileReference; lastKnownFileType = sourcecode.swift; path = SearchBar.swift; sourceTree = "<group>"; };
		E38CEAA02A24AEFD003B6134 /* MyNavigationButton.swift */ = {isa = PBXFileReference; lastKnownFileType = sourcecode.swift; path = MyNavigationButton.swift; sourceTree = "<group>"; };
		E38CEAA22A24AF46003B6134 /* MyDeleteButton.swift */ = {isa = PBXFileReference; lastKnownFileType = sourcecode.swift; path = MyDeleteButton.swift; sourceTree = "<group>"; };
		E38CEAA82A24B048003B6134 /* UsersList.swift */ = {isa = PBXFileReference; lastKnownFileType = sourcecode.swift; path = UsersList.swift; sourceTree = "<group>"; };
		E38CEAAA2A24B06A003B6134 /* MainContent.swift */ = {isa = PBXFileReference; lastKnownFileType = sourcecode.swift; path = MainContent.swift; sourceTree = "<group>"; };
		E38CEAAC2A24B097003B6134 /* LoadMoreButton.swift */ = {isa = PBXFileReference; lastKnownFileType = sourcecode.swift; path = LoadMoreButton.swift; sourceTree = "<group>"; };
		E38CEAAE2A24B231003B6134 /* MainView.swift */ = {isa = PBXFileReference; lastKnownFileType = sourcecode.swift; path = MainView.swift; sourceTree = "<group>"; };
		E38CEAB02A24B31E003B6134 /* MyToolBarItem.swift */ = {isa = PBXFileReference; lastKnownFileType = sourcecode.swift; path = MyToolBarItem.swift; sourceTree = "<group>"; };
/* End PBXFileReference section */

/* Begin PBXFrameworksBuildPhase section */
		E3322CB02A0A48A2008DA64C /* Frameworks */ = {
			isa = PBXFrameworksBuildPhase;
			buildActionMask = 2147483647;
			files = (
				E3322CC62A0A4953008DA64C /* Alamofire in Frameworks */,
			);
			runOnlyForDeploymentPostprocessing = 0;
		};
/* End PBXFrameworksBuildPhase section */

/* Begin PBXGroup section */
		E3322CAA2A0A48A2008DA64C = {
			isa = PBXGroup;
			children = (
				E3322CB52A0A48A2008DA64C /* rest-ios-project */,
				E3322CB42A0A48A2008DA64C /* Products */,
			);
			sourceTree = "<group>";
		};
		E3322CB42A0A48A2008DA64C /* Products */ = {
			isa = PBXGroup;
			children = (
				E3322CB32A0A48A2008DA64C /* rest-ios-project.app */,
			);
			name = Products;
			sourceTree = "<group>";
		};
		E3322CB52A0A48A2008DA64C /* rest-ios-project */ = {
			isa = PBXGroup;
			children = (
				E38CEAA72A24B02C003B6134 /* MainView */,
				E38CEAA62A24B010003B6134 /* Validation */,
				E38CEAA52A24AFB4003B6134 /* Network */,
				E38CEAA42A24AF8A003B6134 /* Data */,
				E38CEA9F2A24AEE6003B6134 /* MyButtons */,
				E38CEA9A2A24ABC2003B6134 /* Search */,
				E38CEA952A24AA9E003B6134 /* AddModify */,
				E3322CB62A0A48A2008DA64C /* rest_ios_projectApp.swift */,
				E3322CB82A0A48A2008DA64C /* ContentView.swift */,
				E3322CBA2A0A48A3008DA64C /* Assets.xcassets */,
				E3322CBC2A0A48A3008DA64C /* Preview Content */,
			);
			path = "rest-ios-project";
			sourceTree = "<group>";
		};
		E3322CBC2A0A48A3008DA64C /* Preview Content */ = {
			isa = PBXGroup;
			children = (
				E3322CBD2A0A48A3008DA64C /* Preview Assets.xcassets */,
			);
			path = "Preview Content";
			sourceTree = "<group>";
		};
		E38CEA952A24AA9E003B6134 /* AddModify */ = {
			isa = PBXGroup;
			children = (
				E38CEA962A24AAD2003B6134 /* MyForm.swift */,
				E38CEA982A24AB7A003B6134 /* TextFieldExtension.swift */,
			);
			path = AddModify;
			sourceTree = "<group>";
		};
		E38CEA9A2A24ABC2003B6134 /* Search */ = {
			isa = PBXGroup;
			children = (
				E38CEA9B2A24ABF8003B6134 /* SearchView.swift */,
				E38CEA9D2A24AC47003B6134 /* SearchBar.swift */,
			);
			path = Search;
			sourceTree = "<group>";
		};
		E38CEA9F2A24AEE6003B6134 /* MyButtons */ = {
			isa = PBXGroup;
			children = (
				E38CEAA02A24AEFD003B6134 /* MyNavigationButton.swift */,
				E38CEAA22A24AF46003B6134 /* MyDeleteButton.swift */,
				E38CEAAC2A24B097003B6134 /* LoadMoreButton.swift */,
			);
			path = MyButtons;
			sourceTree = "<group>";
		};
		E38CEAA42A24AF8A003B6134 /* Data */ = {
			isa = PBXGroup;
			children = (
				E3322CC72A0A496F008DA64C /* Users.swift */,
				E3322CC92A0A49F9008DA64C /* User.swift */,
			);
			path = Data;
			sourceTree = "<group>";
		};
		E38CEAA52A24AFB4003B6134 /* Network */ = {
			isa = PBXGroup;
			children = (
				E3322CCB2A0A4A99008DA64C /* Models.swift */,
			);
			path = Network;
			sourceTree = "<group>";
		};
		E38CEAA62A24B010003B6134 /* Validation */ = {
			isa = PBXGroup;
			children = (
				E38CEA932A248E1E003B6134 /* Validator.swift */,
			);
			path = Validation;
			sourceTree = "<group>";
		};
		E38CEAA72A24B02C003B6134 /* MainView */ = {
			isa = PBXGroup;
			children = (
				E38CEAA82A24B048003B6134 /* UsersList.swift */,
				E38CEAAA2A24B06A003B6134 /* MainContent.swift */,
				E38CEAAE2A24B231003B6134 /* MainView.swift */,
				E38CEAB02A24B31E003B6134 /* MyToolBarItem.swift */,
			);
			path = MainView;
			sourceTree = "<group>";
		};
/* End PBXGroup section */

/* Begin PBXNativeTarget section */
		E3322CB22A0A48A2008DA64C /* rest-ios-project */ = {
			isa = PBXNativeTarget;
			buildConfigurationList = E3322CC12A0A48A3008DA64C /* Build configuration list for PBXNativeTarget "rest-ios-project" */;
			buildPhases = (
				E3322CAF2A0A48A2008DA64C /* Sources */,
				E3322CB02A0A48A2008DA64C /* Frameworks */,
				E3322CB12A0A48A2008DA64C /* Resources */,
			);
			buildRules = (
			);
			dependencies = (
			);
			name = "rest-ios-project";
			packageProductDependencies = (
				E3322CC52A0A4953008DA64C /* Alamofire */,
			);
			productName = "rest-ios-project";
			productReference = E3322CB32A0A48A2008DA64C /* rest-ios-project.app */;
			productType = "com.apple.product-type.application";
		};
/* End PBXNativeTarget section */

/* Begin PBXProject section */
		E3322CAB2A0A48A2008DA64C /* Project object */ = {
			isa = PBXProject;
			attributes = {
				BuildIndependentTargetsInParallel = 1;
				LastSwiftUpdateCheck = 1410;
				LastUpgradeCheck = 1410;
				TargetAttributes = {
					E3322CB22A0A48A2008DA64C = {
						CreatedOnToolsVersion = 14.1;
					};
				};
			};
			buildConfigurationList = E3322CAE2A0A48A2008DA64C /* Build configuration list for PBXProject "rest-ios-project" */;
			compatibilityVersion = "Xcode 14.0";
			developmentRegion = en;
			hasScannedForEncodings = 0;
			knownRegions = (
				en,
				Base,
			);
			mainGroup = E3322CAA2A0A48A2008DA64C;
			packageReferences = (
				E3322CC42A0A4953008DA64C /* XCRemoteSwiftPackageReference "Alamofire" */,
			);
			productRefGroup = E3322CB42A0A48A2008DA64C /* Products */;
			projectDirPath = "";
			projectRoot = "";
			targets = (
				E3322CB22A0A48A2008DA64C /* rest-ios-project */,
			);
		};
/* End PBXProject section */

/* Begin PBXResourcesBuildPhase section */
		E3322CB12A0A48A2008DA64C /* Resources */ = {
			isa = PBXResourcesBuildPhase;
			buildActionMask = 2147483647;
			files = (
				E3322CBE2A0A48A3008DA64C /* Preview Assets.xcassets in Resources */,
				E3322CBB2A0A48A3008DA64C /* Assets.xcassets in Resources */,
			);
			runOnlyForDeploymentPostprocessing = 0;
		};
/* End PBXResourcesBuildPhase section */

/* Begin PBXSourcesBuildPhase section */
		E3322CAF2A0A48A2008DA64C /* Sources */ = {
			isa = PBXSourcesBuildPhase;
			buildActionMask = 2147483647;
			files = (
				E38CEAAB2A24B06A003B6134 /* MainContent.swift in Sources */,
				E38CEAB12A24B31E003B6134 /* MyToolBarItem.swift in Sources */,
				E38CEA972A24AAD2003B6134 /* MyForm.swift in Sources */,
				E38CEAA92A24B048003B6134 /* UsersList.swift in Sources */,
				E38CEA9C2A24ABF8003B6134 /* SearchView.swift in Sources */,
				E38CEA992A24AB7A003B6134 /* TextFieldExtension.swift in Sources */,
				E3322CCA2A0A49F9008DA64C /* User.swift in Sources */,
				E3322CB92A0A48A2008DA64C /* ContentView.swift in Sources */,
				E3322CC82A0A496F008DA64C /* Users.swift in Sources */,
				E3322CB72A0A48A2008DA64C /* rest_ios_projectApp.swift in Sources */,
				E38CEAAF2A24B231003B6134 /* MainView.swift in Sources */,
				E38CEA9E2A24AC47003B6134 /* SearchBar.swift in Sources */,
				E38CEAA32A24AF46003B6134 /* MyDeleteButton.swift in Sources */,
				E38CEA942A248E1E003B6134 /* Validator.swift in Sources */,
				E38CEAA12A24AEFD003B6134 /* MyNavigationButton.swift in Sources */,
				E38CEAAD2A24B097003B6134 /* LoadMoreButton.swift in Sources */,
				E3322CCC2A0A4A99008DA64C /* Models.swift in Sources */,
			);
			runOnlyForDeploymentPostprocessing = 0;
		};
/* End PBXSourcesBuildPhase section */

/* Begin XCBuildConfiguration section */
		E3322CBF2A0A48A3008DA64C /* Debug */ = {
			isa = XCBuildConfiguration;
			buildSettings = {
				ALWAYS_SEARCH_USER_PATHS = NO;
				CLANG_ANALYZER_NONNULL = YES;
				CLANG_ANALYZER_NUMBER_OBJECT_CONVERSION = YES_AGGRESSIVE;
				CLANG_CXX_LANGUAGE_STANDARD = "gnu++20";
				CLANG_ENABLE_MODULES = YES;
				CLANG_ENABLE_OBJC_ARC = YES;
				CLANG_ENABLE_OBJC_WEAK = YES;
				CLANG_WARN_BLOCK_CAPTURE_AUTORELEASING = YES;
				CLANG_WARN_BOOL_CONVERSION = YES;
				CLANG_WARN_COMMA = YES;
				CLANG_WARN_CONSTANT_CONVERSION = YES;
				CLANG_WARN_DEPRECATED_OBJC_IMPLEMENTATIONS = YES;
				CLANG_WARN_DIRECT_OBJC_ISA_USAGE = YES_ERROR;
				CLANG_WARN_DOCUMENTATION_COMMENTS = YES;
				CLANG_WARN_EMPTY_BODY = YES;
				CLANG_WARN_ENUM_CONVERSION = YES;
				CLANG_WARN_INFINITE_RECURSION = YES;
				CLANG_WARN_INT_CONVERSION = YES;
				CLANG_WARN_NON_LITERAL_NULL_CONVERSION = YES;
				CLANG_WARN_OBJC_IMPLICIT_RETAIN_SELF = YES;
				CLANG_WARN_OBJC_LITERAL_CONVERSION = YES;
				CLANG_WARN_OBJC_ROOT_CLASS = YES_ERROR;
				CLANG_WARN_QUOTED_INCLUDE_IN_FRAMEWORK_HEADER = YES;
				CLANG_WARN_RANGE_LOOP_ANALYSIS = YES;
				CLANG_WARN_STRICT_PROTOTYPES = YES;
				CLANG_WARN_SUSPICIOUS_MOVE = YES;
				CLANG_WARN_UNGUARDED_AVAILABILITY = YES_AGGRESSIVE;
				CLANG_WARN_UNREACHABLE_CODE = YES;
				CLANG_WARN__DUPLICATE_METHOD_MATCH = YES;
				COPY_PHASE_STRIP = NO;
				DEBUG_INFORMATION_FORMAT = dwarf;
				ENABLE_STRICT_OBJC_MSGSEND = YES;
				ENABLE_TESTABILITY = YES;
				GCC_C_LANGUAGE_STANDARD = gnu11;
				GCC_DYNAMIC_NO_PIC = NO;
				GCC_NO_COMMON_BLOCKS = YES;
				GCC_OPTIMIZATION_LEVEL = 0;
				GCC_PREPROCESSOR_DEFINITIONS = (
					"DEBUG=1",
					"$(inherited)",
				);
				GCC_WARN_64_TO_32_BIT_CONVERSION = YES;
				GCC_WARN_ABOUT_RETURN_TYPE = YES_ERROR;
				GCC_WARN_UNDECLARED_SELECTOR = YES;
				GCC_WARN_UNINITIALIZED_AUTOS = YES_AGGRESSIVE;
				GCC_WARN_UNUSED_FUNCTION = YES;
				GCC_WARN_UNUSED_VARIABLE = YES;
				IPHONEOS_DEPLOYMENT_TARGET = 16.1;
				MTL_ENABLE_DEBUG_INFO = INCLUDE_SOURCE;
				MTL_FAST_MATH = YES;
				ONLY_ACTIVE_ARCH = YES;
				SDKROOT = iphoneos;
				SWIFT_ACTIVE_COMPILATION_CONDITIONS = DEBUG;
				SWIFT_OPTIMIZATION_LEVEL = "-Onone";
			};
			name = Debug;
		};
		E3322CC02A0A48A3008DA64C /* Release */ = {
			isa = XCBuildConfiguration;
			buildSettings = {
				ALWAYS_SEARCH_USER_PATHS = NO;
				CLANG_ANALYZER_NONNULL = YES;
				CLANG_ANALYZER_NUMBER_OBJECT_CONVERSION = YES_AGGRESSIVE;
				CLANG_CXX_LANGUAGE_STANDARD = "gnu++20";
				CLANG_ENABLE_MODULES = YES;
				CLANG_ENABLE_OBJC_ARC = YES;
				CLANG_ENABLE_OBJC_WEAK = YES;
				CLANG_WARN_BLOCK_CAPTURE_AUTORELEASING = YES;
				CLANG_WARN_BOOL_CONVERSION = YES;
				CLANG_WARN_COMMA = YES;
				CLANG_WARN_CONSTANT_CONVERSION = YES;
				CLANG_WARN_DEPRECATED_OBJC_IMPLEMENTATIONS = YES;
				CLANG_WARN_DIRECT_OBJC_ISA_USAGE = YES_ERROR;
				CLANG_WARN_DOCUMENTATION_COMMENTS = YES;
				CLANG_WARN_EMPTY_BODY = YES;
				CLANG_WARN_ENUM_CONVERSION = YES;
				CLANG_WARN_INFINITE_RECURSION = YES;
				CLANG_WARN_INT_CONVERSION = YES;
				CLANG_WARN_NON_LITERAL_NULL_CONVERSION = YES;
				CLANG_WARN_OBJC_IMPLICIT_RETAIN_SELF = YES;
				CLANG_WARN_OBJC_LITERAL_CONVERSION = YES;
				CLANG_WARN_OBJC_ROOT_CLASS = YES_ERROR;
				CLANG_WARN_QUOTED_INCLUDE_IN_FRAMEWORK_HEADER = YES;
				CLANG_WARN_RANGE_LOOP_ANALYSIS = YES;
				CLANG_WARN_STRICT_PROTOTYPES = YES;
				CLANG_WARN_SUSPICIOUS_MOVE = YES;
				CLANG_WARN_UNGUARDED_AVAILABILITY = YES_AGGRESSIVE;
				CLANG_WARN_UNREACHABLE_CODE = YES;
				CLANG_WARN__DUPLICATE_METHOD_MATCH = YES;
				COPY_PHASE_STRIP = NO;
				DEBUG_INFORMATION_FORMAT = "dwarf-with-dsym";
				ENABLE_NS_ASSERTIONS = NO;
				ENABLE_STRICT_OBJC_MSGSEND = YES;
				GCC_C_LANGUAGE_STANDARD = gnu11;
				GCC_NO_COMMON_BLOCKS = YES;
				GCC_WARN_64_TO_32_BIT_CONVERSION = YES;
				GCC_WARN_ABOUT_RETURN_TYPE = YES_ERROR;
				GCC_WARN_UNDECLARED_SELECTOR = YES;
				GCC_WARN_UNINITIALIZED_AUTOS = YES_AGGRESSIVE;
				GCC_WARN_UNUSED_FUNCTION = YES;
				GCC_WARN_UNUSED_VARIABLE = YES;
				IPHONEOS_DEPLOYMENT_TARGET = 16.1;
				MTL_ENABLE_DEBUG_INFO = NO;
				MTL_FAST_MATH = YES;
				SDKROOT = iphoneos;
				SWIFT_COMPILATION_MODE = wholemodule;
				SWIFT_OPTIMIZATION_LEVEL = "-O";
				VALIDATE_PRODUCT = YES;
			};
			name = Release;
		};
		E3322CC22A0A48A3008DA64C /* Debug */ = {
			isa = XCBuildConfiguration;
			buildSettings = {
				ASSETCATALOG_COMPILER_APPICON_NAME = AppIcon;
				ASSETCATALOG_COMPILER_GLOBAL_ACCENT_COLOR_NAME = AccentColor;
				CODE_SIGN_STYLE = Automatic;
				CURRENT_PROJECT_VERSION = 1;
				DEVELOPMENT_ASSET_PATHS = "\"rest-ios-project/Preview Content\"";
				ENABLE_PREVIEWS = YES;
				GENERATE_INFOPLIST_FILE = YES;
				INFOPLIST_KEY_UIApplicationSceneManifest_Generation = YES;
				INFOPLIST_KEY_UIApplicationSupportsIndirectInputEvents = YES;
				INFOPLIST_KEY_UILaunchScreen_Generation = YES;
				INFOPLIST_KEY_UISupportedInterfaceOrientations_iPad = "UIInterfaceOrientationPortrait UIInterfaceOrientationPortraitUpsideDown UIInterfaceOrientationLandscapeLeft UIInterfaceOrientationLandscapeRight";
				INFOPLIST_KEY_UISupportedInterfaceOrientations_iPhone = "UIInterfaceOrientationPortrait UIInterfaceOrientationLandscapeLeft UIInterfaceOrientationLandscapeRight";
				LD_RUNPATH_SEARCH_PATHS = (
					"$(inherited)",
					"@executable_path/Frameworks",
				);
				MARKETING_VERSION = 1.0;
				PRODUCT_BUNDLE_IDENTIFIER = "fi.organization.rest-ios-project";
				PRODUCT_NAME = "$(TARGET_NAME)";
				SWIFT_EMIT_LOC_STRINGS = YES;
				SWIFT_VERSION = 5.0;
				TARGETED_DEVICE_FAMILY = "1,2";
			};
			name = Debug;
		};
		E3322CC32A0A48A3008DA64C /* Release */ = {
			isa = XCBuildConfiguration;
			buildSettings = {
				ASSETCATALOG_COMPILER_APPICON_NAME = AppIcon;
				ASSETCATALOG_COMPILER_GLOBAL_ACCENT_COLOR_NAME = AccentColor;
				CODE_SIGN_STYLE = Automatic;
				CURRENT_PROJECT_VERSION = 1;
				DEVELOPMENT_ASSET_PATHS = "\"rest-ios-project/Preview Content\"";
				ENABLE_PREVIEWS = YES;
				GENERATE_INFOPLIST_FILE = YES;
				INFOPLIST_KEY_UIApplicationSceneManifest_Generation = YES;
				INFOPLIST_KEY_UIApplicationSupportsIndirectInputEvents = YES;
				INFOPLIST_KEY_UILaunchScreen_Generation = YES;
				INFOPLIST_KEY_UISupportedInterfaceOrientations_iPad = "UIInterfaceOrientationPortrait UIInterfaceOrientationPortraitUpsideDown UIInterfaceOrientationLandscapeLeft UIInterfaceOrientationLandscapeRight";
				INFOPLIST_KEY_UISupportedInterfaceOrientations_iPhone = "UIInterfaceOrientationPortrait UIInterfaceOrientationLandscapeLeft UIInterfaceOrientationLandscapeRight";
				LD_RUNPATH_SEARCH_PATHS = (
					"$(inherited)",
					"@executable_path/Frameworks",
				);
				MARKETING_VERSION = 1.0;
				PRODUCT_BUNDLE_IDENTIFIER = "fi.organization.rest-ios-project";
				PRODUCT_NAME = "$(TARGET_NAME)";
				SWIFT_EMIT_LOC_STRINGS = YES;
				SWIFT_VERSION = 5.0;
				TARGETED_DEVICE_FAMILY = "1,2";
			};
			name = Release;
		};
/* End XCBuildConfiguration section */

/* Begin XCConfigurationList section */
		E3322CAE2A0A48A2008DA64C /* Build configuration list for PBXProject "rest-ios-project" */ = {
			isa = XCConfigurationList;
			buildConfigurations = (
				E3322CBF2A0A48A3008DA64C /* Debug */,
				E3322CC02A0A48A3008DA64C /* Release */,
			);
			defaultConfigurationIsVisible = 0;
			defaultConfigurationName = Release;
		};
		E3322CC12A0A48A3008DA64C /* Build configuration list for PBXNativeTarget "rest-ios-project" */ = {
			isa = XCConfigurationList;
			buildConfigurations = (
				E3322CC22A0A48A3008DA64C /* Debug */,
				E3322CC32A0A48A3008DA64C /* Release */,
			);
			defaultConfigurationIsVisible = 0;
			defaultConfigurationName = Release;
		};
/* End XCConfigurationList section */

/* Begin XCRemoteSwiftPackageReference section */
		E3322CC42A0A4953008DA64C /* XCRemoteSwiftPackageReference "Alamofire" */ = {
			isa = XCRemoteSwiftPackageReference;
			repositoryURL = "https://github.com/Alamofire/Alamofire.git";
			requirement = {
				branch = master;
				kind = branch;
			};
		};
/* End XCRemoteSwiftPackageReference section */

/* Begin XCSwiftPackageProductDependency section */
		E3322CC52A0A4953008DA64C /* Alamofire */ = {
			isa = XCSwiftPackageProductDependency;
			package = E3322CC42A0A4953008DA64C /* XCRemoteSwiftPackageReference "Alamofire" */;
			productName = Alamofire;
		};
/* End XCSwiftPackageProductDependency section */
	};
	rootObject = E3322CAB2A0A48A2008DA64C /* Project object */;
}
